Microsoft Visual Studio Solution File, Format Version 12.00
# Visual Studio 2012
Project("{FAE04EC0-301F-11D3-BF4B-00C04F79EFBC}") = "Fly Away", "Fly Away.csproj", "{0096E594-75A1-4858-8410-4D9A41A6F608}"
EndProject
Global
	GlobalSection(SolutionConfigurationPlatforms) = preSolution
	Debug|Any CPU = Debug|Any CPU
	Release|Any CPU = Release|Any CPU
	Tools|Any CPU = Tools|Any CPU
	EndGlobalSection
	GlobalSection(ProjectConfigurationPlatforms) = postSolution
		{0096E594-75A1-4858-8410-4D9A41A6F608}.Debug|Any CPU.ActiveCfg = Debug|Any CPU
		{0096E594-75A1-4858-8410-4D9A41A6F608}.Debug|Any CPU.Build.0 = Debug|Any CPU
		{0096E594-75A1-4858-8410-4D9A41A6F608}.Release|Any CPU.ActiveCfg = Release|Any CPU
		{0096E594-75A1-4858-8410-4D9A41A6F608}.Release|Any CPU.Build.0 = Release|Any CPU
		{0096E594-75A1-4858-8410-4D9A41A6F608}.Tools|Any CPU.ActiveCfg = Tools|Any CPU
		{0096E594-75A1-4858-8410-4D9A41A6F608}.Tools|Any CPU.Build.0 = Tools|Any CPU
	EndGlobalSection
EndGlobal
